
Microsoft Visual Studio Solution File, Format Version 12.00
# Visual Studio Version 16
VisualStudioVersion = 16.0.29230.47
MinimumVisualStudioVersion = 10.0.40219.1
Project("{8BC9CEB8-8B4A-11D0-8D11-00A0C91BC942}") = "TrbModelConverter", "TrbModelConverter\TrbModelConverter.vcxproj", "{51E38FA3-820F-424C-B0A4-C5C2892606DC}"
EndProject
Global
	GlobalSection(SolutionConfigurationPlatforms) = preSolution
		Debug|x64 = Debug|x64
		Debug|x86 = Debug|x86
		Release|x64 = Release|x64
		Release|x86 = Release|x86
	EndGlobalSection
	GlobalSection(ProjectConfigurationPlatforms) = postSolution
		{51E38FA3-820F-424C-B0A4-C5C2892606DC}.Debug|x64.ActiveCfg = Debug|x64
		{51E38FA3-820F-424C-B0A4-C5C2892606DC}.Debug|x64.Build.0 = Debug|x64
		{51E38FA3-820F-424C-B0A4-C5C2892606DC}.Debug|x86.ActiveCfg = Debug|Win32
		{51E38FA3-820F-424C-B0A4-C5C2892606DC}.Debug|x86.Build.0 = Debug|Win32
		{51E38FA3-820F-424C-B0A4-C5C2892606DC}.Release|x64.ActiveCfg = Release|x64
		{51E38FA3-820F-424C-B0A4-C5C2892606DC}.Release|x64.Build.0 = Release|x64
		{51E38FA3-820F-424C-B0A4-C5C2892606DC}.Release|x86.ActiveCfg = Release|Win32
		{51E38FA3-820F-424C-B0A4-C5C2892606DC}.Release|x86.Build.0 = Release|Win32
	EndGlobalSection
	GlobalSection(SolutionProperties) = preSolution
		HideSolutionNode = FALSE
	EndGlobalSection
	GlobalSection(ExtensibilityGlobals) = postSolution
		SolutionGuid = {BB05DB0D-76FF-4230-A7BF-F6019C3D6765}
	EndGlobalSection
EndGlobal
