<?xml version="1.0" encoding="utf-8"?>
<Project ToolsVersion="4.0" xmlns="http://schemas.microsoft.com/developer/msbuild/2003">
  <ItemGroup>
    <Filter Include="Quelldateien">
      <UniqueIdentifier>{4FC737F1-C7A5-4376-A066-2A32D752A2FF}</UniqueIdentifier>
      <Extensions>cpp;c;cc;cxx;def;odl;idl;hpj;bat;asm;asmx</Extensions>
    </Filter>
    <Filter Include="Headerdateien">
      <UniqueIdentifier>{93995380-89BD-4b04-88EB-625FBE52EBFB}</UniqueIdentifier>
      <Extensions>h;hh;hpp;hxx;hm;inl;inc;ipp;xsd</Extensions>
    </Filter>
    <Filter Include="Ressourcendateien">
      <UniqueIdentifier>{67DA6AB6-F800-4c08-8B7A-83BB121AAD01}</UniqueIdentifier>
      <Extensions>rc;ico;cur;bmp;dlg;rc2;rct;bin;rgs;gif;jpg;jpeg;jpe;resx;tiff;tif;png;wav;mfcribbon-ms</Extensions>
    </Filter>
  </ItemGroup>
  <ItemGroup>
    <ResourceCompile Include="app.rc">
      <Filter>Ressourcendateien</Filter>
    </ResourceCompile>
  </ItemGroup>
  <ItemGroup>
    <ClInclude Include="Resource.h">
      <Filter>Headerdateien</Filter>
    </ClInclude>
    <ClInclude Include="pch.h">
      <Filter>Headerdateien</Filter>
    </ClInclude>
    <ClInclude Include="TrbModelConverter.h">
      <Filter>Headerdateien</Filter>
    </ClInclude>
    <ClInclude Include="Trb.h">
      <Filter>Headerdateien</Filter>
    </ClInclude>
    <ClInclude Include="umHalf.h">
      <Filter>Headerdateien</Filter>
    </ClInclude>
    <ClInclude Include="Reader.h">
      <Filter>Headerdateien</Filter>
    </ClInclude>
    <ClInclude Include="Mat.h">
      <Filter>Headerdateien</Filter>
    </ClInclude>
    <ClInclude Include="TRBF.h">
      <Filter>Headerdateien</Filter>
    </ClInclude>
    <ClInclude Include="TSFL.h">
      <Filter>Headerdateien</Filter>
    </ClInclude>
    <ClInclude Include="HDRX.h">
      <Filter>Headerdateien</Filter>
    </ClInclude>
    <ClInclude Include="SECT.h">
      <Filter>Headerdateien</Filter>
    </ClInclude>
    <ClInclude Include="TMDL.h">
      <Filter>Headerdateien</Filter>
    </ClInclude>
    <ClInclude Include="SYMB.h">
      <Filter>Headerdateien</Filter>
    </ClInclude>
    <ClInclude Include="RELC.h">
      <Filter>Headerdateien</Filter>
    </ClInclude>
    <ClInclude Include="TTEX.h">
      <Filter>Headerdateien</Filter>
    </ClInclude>
    <ClInclude Include="TTL.h">
      <Filter>Headerdateien</Filter>
    </ClInclude>
    <ClInclude Include="Materials.h">
      <Filter>Headerdateien</Filter>
    </ClInclude>
    <ClInclude Include="NTA.h">
      <Filter>Headerdateien</Filter>
    </ClInclude>
    <ClInclude Include="deBlob.h">
      <Filter>Headerdateien</Filter>
    </ClInclude>
    <ClInclude Include="NTAOTT.h">
      <Filter>Headerdateien</Filter>
    </ClInclude>
    <ClInclude Include="FbxHelper.h">
      <Filter>Headerdateien</Filter>
    </ClInclude>
    <ClInclude Include="Game.h">
      <Filter>Headerdateien</Filter>
    </ClInclude>
    <ClInclude Include="TMAT.h">
      <Filter>Headerdateien</Filter>
    </ClInclude>
    <ClInclude Include="BTEC.h">
      <Filter>Headerdateien</Filter>
    </ClInclude>
    <ClInclude Include="DDS.h">
      <Filter>Headerdateien</Filter>
    </ClInclude>
    <ClInclude Include="LocaleStrings.h">
      <Filter>Headerdateien</Filter>
    </ClInclude>
    <ClInclude Include="XUI.h">
      <Filter>Headerdateien</Filter>
    </ClInclude>
  </ItemGroup>
  <ItemGroup>
    <ClCompile Include="CppCLR_WinformsProjekt.cpp">
      <Filter>Quelldateien</Filter>
    </ClCompile>
    <ClCompile Include="AssemblyInfo.cpp">
      <Filter>Quelldateien</Filter>
    </ClCompile>
    <ClCompile Include="pch.cpp">
      <Filter>Quelldateien</Filter>
    </ClCompile>
    <ClCompile Include="Form1.cpp">
      <Filter>Quelldateien</Filter>
    </ClCompile>
    <ClCompile Include="Trb.cpp">
      <Filter>Quelldateien</Filter>
    </ClCompile>
    <ClCompile Include="Reader.cpp">
      <Filter>Quelldateien</Filter>
    </ClCompile>
    <ClCompile Include="TRBF.cpp">
      <Filter>Quelldateien</Filter>
    </ClCompile>
    <ClCompile Include="TSFL.cpp">
      <Filter>Quelldateien</Filter>
    </ClCompile>
    <ClCompile Include="HDRX.cpp">
      <Filter>Quelldateien</Filter>
    </ClCompile>
    <ClCompile Include="SECT.cpp">
      <Filter>Quelldateien</Filter>
    </ClCompile>
    <ClCompile Include="TMDL.cpp">
      <Filter>Quelldateien</Filter>
    </ClCompile>
    <ClCompile Include="SYMB.cpp">
      <Filter>Quelldateien</Filter>
    </ClCompile>
    <ClCompile Include="RELC.cpp">
      <Filter>Quelldateien</Filter>
    </ClCompile>
    <ClCompile Include="TTL.cpp">
      <Filter>Quelldateien</Filter>
    </ClCompile>
    <ClCompile Include="Materials.cpp">
      <Filter>Quelldateien</Filter>
    </ClCompile>
    <ClCompile Include="NTA.cpp">
      <Filter>Quelldateien</Filter>
    </ClCompile>
    <ClCompile Include="deBlob.cpp">
      <Filter>Quelldateien</Filter>
    </ClCompile>
    <ClCompile Include="NTAOTT.cpp">
      <Filter>Quelldateien</Filter>
    </ClCompile>
    <ClCompile Include="FbxHelper.cpp">
      <Filter>Quelldateien</Filter>
    </ClCompile>
  </ItemGroup>
  <ItemGroup>
    <Image Include="app.ico">
      <Filter>Ressourcendateien</Filter>
    </Image>
    <Image Include="Image1.bmp">
      <Filter>Ressourcendateien</Filter>
    </Image>
    <Image Include="..\..\deblob_header.jpg">
      <Filter>Ressourcendateien</Filter>
    </Image>
  </ItemGroup>
  <ItemGroup>
    <None Include="..\..\IgzModelConverter\IgzModelConverterGUI\umHalf.inl">
      <Filter>Headerdateien</Filter>
    </None>
    <None Include="cpp.hint" />
  </ItemGroup>
</Project>